
Microsoft Visual Studio Solution File, Format Version 12.00
# Visual Studio Version 17
VisualStudioVersion = 17.1.32328.378
MinimumVisualStudioVersion = 10.0.40219.1
Project("{FAE04EC0-301F-11D3-BF4B-00C04F79EFBC}") = "EmpDeptPortal", "EmpDeptPortal.csproj", "{C48FDAA6-CD80-49FC-ACCE-AAA63727D3E7}"
EndProject
Global
	GlobalSection(SolutionConfigurationPlatforms) = preSolution
		Debug|Any CPU = Debug|Any CPU
		Release|Any CPU = Release|Any CPU
	EndGlobalSection
	GlobalSection(ProjectConfigurationPlatforms) = postSolution
		{C48FDAA6-CD80-49FC-ACCE-AAA63727D3E7}.Debug|Any CPU.ActiveCfg = Debug|Any CPU
		{C48FDAA6-CD80-49FC-ACCE-AAA63727D3E7}.Debug|Any CPU.Build.0 = Debug|Any CPU
		{C48FDAA6-CD80-49FC-ACCE-AAA63727D3E7}.Release|Any CPU.ActiveCfg = Release|Any CPU
		{C48FDAA6-CD80-49FC-ACCE-AAA63727D3E7}.Release|Any CPU.Build.0 = Release|Any CPU
	EndGlobalSection
	GlobalSection(SolutionProperties) = preSolution
		HideSolutionNode = FALSE
	EndGlobalSection
	GlobalSection(ExtensibilityGlobals) = postSolution
		SolutionGuid = {F8EADCFF-526F-4FDF-B250-78C3E98F7A76}
	EndGlobalSection
EndGlobal
